// !$*UTF8*$!
{
	archiveVersion = 1;
	classes = {
	};
	objectVersion = 51;
	objects = {

/* Begin PBXBuildFile section */
		2073DD59EFF9EDAFC1D6F1E6 /* Pods_Parstagram.framework in Frameworks */ = {isa = PBXBuildFile; fileRef = 55CCA3F8E121CAF6A260BC71 /* Pods_Parstagram.framework */; };
		3FB90EDED1FFD8F0E1CBC9D4 /* Pods_ParstagramTests.framework in Frameworks */ = {isa = PBXBuildFile; fileRef = A3DB9DF32760582FEA7138C0 /* Pods_ParstagramTests.framework */; };
		7BEA09F06DABA041BF88BF17 /* Pods_Parstagram_ParstagramUITests.framework in Frameworks */ = {isa = PBXBuildFile; fileRef = FC5393D803E551FACA64F7F1 /* Pods_Parstagram_ParstagramUITests.framework */; };
		E4670C4F257A3A3200056B0D /* CommentCell.swift in Sources */ = {isa = PBXBuildFile; fileRef = E4670C4E257A3A3200056B0D /* CommentCell.swift */; };
		E467474E25684D4000D87D7B /* AppDelegate.swift in Sources */ = {isa = PBXBuildFile; fileRef = E467474D25684D4000D87D7B /* AppDelegate.swift */; };
		E467475025684D4000D87D7B /* SceneDelegate.swift in Sources */ = {isa = PBXBuildFile; fileRef = E467474F25684D4000D87D7B /* SceneDelegate.swift */; };
		E467475525684D4000D87D7B /* Main.storyboard in Resources */ = {isa = PBXBuildFile; fileRef = E467475325684D4000D87D7B /* Main.storyboard */; };
		E467475725684D4200D87D7B /* Assets.xcassets in Resources */ = {isa = PBXBuildFile; fileRef = E467475625684D4200D87D7B /* Assets.xcassets */; };
		E467475A25684D4200D87D7B /* LaunchScreen.storyboard in Resources */ = {isa = PBXBuildFile; fileRef = E467475825684D4200D87D7B /* LaunchScreen.storyboard */; };
		E467476525684D4200D87D7B /* ParstagramTests.swift in Sources */ = {isa = PBXBuildFile; fileRef = E467476425684D4200D87D7B /* ParstagramTests.swift */; };
		E467477025684D4200D87D7B /* ParstagramUITests.swift in Sources */ = {isa = PBXBuildFile; fileRef = E467476F25684D4200D87D7B /* ParstagramUITests.swift */; };
		E467478425684E8E00D87D7B /* LoginViewController.swift in Sources */ = {isa = PBXBuildFile; fileRef = E467478325684E8E00D87D7B /* LoginViewController.swift */; };
		E467478925684E9F00D87D7B /* FeedViewController.swift in Sources */ = {isa = PBXBuildFile; fileRef = E467478825684E9F00D87D7B /* FeedViewController.swift */; };
		E46747DD2568D1DC00D87D7B /* CameraViewController.swift in Sources */ = {isa = PBXBuildFile; fileRef = E46747DC2568D1DC00D87D7B /* CameraViewController.swift */; };
		E46747F82568EB2C00D87D7B /* PostCell.swift in Sources */ = {isa = PBXBuildFile; fileRef = E46747F72568EB2C00D87D7B /* PostCell.swift */; };
/* End PBXBuildFile section */

/* Begin PBXContainerItemProxy section */
		E467476125684D4200D87D7B /* PBXContainerItemProxy */ = {
			isa = PBXContainerItemProxy;
			containerPortal = E467474225684D4000D87D7B /* Project object */;
			proxyType = 1;
			remoteGlobalIDString = E467474925684D4000D87D7B;
			remoteInfo = Parstagram;
		};
		E467476C25684D4200D87D7B /* PBXContainerItemProxy */ = {
			isa = PBXContainerItemProxy;
			containerPortal = E467474225684D4000D87D7B /* Project object */;
			proxyType = 1;
			remoteGlobalIDString = E467474925684D4000D87D7B;
			remoteInfo = Parstagram;
		};
/* End PBXContainerItemProxy section */

/* Begin PBXFileReference section */
		2F1B67D38DAF01F545366B5D /* Pods-ParstagramTests.debug.xcconfig */ = {isa = PBXFileReference; includeInIndex = 1; lastKnownFileType = text.xcconfig; name = "Pods-ParstagramTests.debug.xcconfig"; path = "Target Support Files/Pods-ParstagramTests/Pods-ParstagramTests.debug.xcconfig"; sourceTree = "<group>"; };
		55CCA3F8E121CAF6A260BC71 /* Pods_Parstagram.framework */ = {isa = PBXFileReference; explicitFileType = wrapper.framework; includeInIndex = 0; path = Pods_Parstagram.framework; sourceTree = BUILT_PRODUCTS_DIR; };
		5B3C0BC4DF7EC14796E910DF /* Pods-ParstagramTests.release.xcconfig */ = {isa = PBXFileReference; includeInIndex = 1; lastKnownFileType = text.xcconfig; name = "Pods-ParstagramTests.release.xcconfig"; path = "Target Support Files/Pods-ParstagramTests/Pods-ParstagramTests.release.xcconfig"; sourceTree = "<group>"; };
		82D0AFF1411BC94530231969 /* Pods-Parstagram.debug.xcconfig */ = {isa = PBXFileReference; includeInIndex = 1; lastKnownFileType = text.xcconfig; name = "Pods-Parstagram.debug.xcconfig"; path = "Target Support Files/Pods-Parstagram/Pods-Parstagram.debug.xcconfig"; sourceTree = "<group>"; };
		95B9AB6C41B648764CFBED8C /* Pods-Parstagram.release.xcconfig */ = {isa = PBXFileReference; includeInIndex = 1; lastKnownFileType = text.xcconfig; name = "Pods-Parstagram.release.xcconfig"; path = "Target Support Files/Pods-Parstagram/Pods-Parstagram.release.xcconfig"; sourceTree = "<group>"; };
		A3DB9DF32760582FEA7138C0 /* Pods_ParstagramTests.framework */ = {isa = PBXFileReference; explicitFileType = wrapper.framework; includeInIndex = 0; path = Pods_ParstagramTests.framework; sourceTree = BUILT_PRODUCTS_DIR; };
		A861428AF0172381E66D6B20 /* Pods-Parstagram-ParstagramUITests.release.xcconfig */ = {isa = PBXFileReference; includeInIndex = 1; lastKnownFileType = text.xcconfig; name = "Pods-Parstagram-ParstagramUITests.release.xcconfig"; path = "Target Support Files/Pods-Parstagram-ParstagramUITests/Pods-Parstagram-ParstagramUITests.release.xcconfig"; sourceTree = "<group>"; };
		DD055B70A6DA15389119F057 /* Pods-Parstagram-ParstagramUITests.debug.xcconfig */ = {isa = PBXFileReference; includeInIndex = 1; lastKnownFileType = text.xcconfig; name = "Pods-Parstagram-ParstagramUITests.debug.xcconfig"; path = "Target Support Files/Pods-Parstagram-ParstagramUITests/Pods-Parstagram-ParstagramUITests.debug.xcconfig"; sourceTree = "<group>"; };
		E4670C4E257A3A3200056B0D /* CommentCell.swift */ = {isa = PBXFileReference; lastKnownFileType = sourcecode.swift; path = CommentCell.swift; sourceTree = "<group>"; };
		E467474A25684D4000D87D7B /* Parstagram.app */ = {isa = PBXFileReference; explicitFileType = wrapper.application; includeInIndex = 0; path = Parstagram.app; sourceTree = BUILT_PRODUCTS_DIR; };
		E467474D25684D4000D87D7B /* AppDelegate.swift */ = {isa = PBXFileReference; lastKnownFileType = sourcecode.swift; path = AppDelegate.swift; sourceTree = "<group>"; };
		E467474F25684D4000D87D7B /* SceneDelegate.swift */ = {isa = PBXFileReference; lastKnownFileType = sourcecode.swift; path = SceneDelegate.swift; sourceTree = "<group>"; };
		E467475425684D4000D87D7B /* Base */ = {isa = PBXFileReference; lastKnownFileType = file.storyboard; name = Base; path = Base.lproj/Main.storyboard; sourceTree = "<group>"; };
		E467475625684D4200D87D7B /* Assets.xcassets */ = {isa = PBXFileReference; lastKnownFileType = folder.assetcatalog; path = Assets.xcassets; sourceTree = "<group>"; };
		E467475925684D4200D87D7B /* Base */ = {isa = PBXFileReference; lastKnownFileType = file.storyboard; name = Base; path = Base.lproj/LaunchScreen.storyboard; sourceTree = "<group>"; };
		E467475B25684D4200D87D7B /* Info.plist */ = {isa = PBXFileReference; lastKnownFileType = text.plist.xml; path = Info.plist; sourceTree = "<group>"; };
		E467476025684D4200D87D7B /* ParstagramTests.xctest */ = {isa = PBXFileReference; explicitFileType = wrapper.cfbundle; includeInIndex = 0; path = ParstagramTests.xctest; sourceTree = BUILT_PRODUCTS_DIR; };
		E467476425684D4200D87D7B /* ParstagramTests.swift */ = {isa = PBXFileReference; lastKnownFileType = sourcecode.swift; path = ParstagramTests.swift; sourceTree = "<group>"; };
		E467476625684D4200D87D7B /* Info.plist */ = {isa = PBXFileReference; lastKnownFileType = text.plist.xml; path = Info.plist; sourceTree = "<group>"; };
		E467476B25684D4200D87D7B /* ParstagramUITests.xctest */ = {isa = PBXFileReference; explicitFileType = wrapper.cfbundle; includeInIndex = 0; path = ParstagramUITests.xctest; sourceTree = BUILT_PRODUCTS_DIR; };
		E467476F25684D4200D87D7B /* ParstagramUITests.swift */ = {isa = PBXFileReference; lastKnownFileType = sourcecode.swift; path = ParstagramUITests.swift; sourceTree = "<group>"; };
		E467477125684D4300D87D7B /* Info.plist */ = {isa = PBXFileReference; lastKnownFileType = text.plist.xml; path = Info.plist; sourceTree = "<group>"; };
		E467478325684E8E00D87D7B /* LoginViewController.swift */ = {isa = PBXFileReference; lastKnownFileType = sourcecode.swift; path = LoginViewController.swift; sourceTree = "<group>"; };
		E467478825684E9F00D87D7B /* FeedViewController.swift */ = {isa = PBXFileReference; lastKnownFileType = sourcecode.swift; path = FeedViewController.swift; sourceTree = "<group>"; };
		E46747DC2568D1DC00D87D7B /* CameraViewController.swift */ = {isa = PBXFileReference; lastKnownFileType = sourcecode.swift; path = CameraViewController.swift; sourceTree = "<group>"; };
		E46747F72568EB2C00D87D7B /* PostCell.swift */ = {isa = PBXFileReference; lastKnownFileType = sourcecode.swift; path = PostCell.swift; sourceTree = "<group>"; };
		FC5393D803E551FACA64F7F1 /* Pods_Parstagram_ParstagramUITests.framework */ = {isa = PBXFileReference; explicitFileType = wrapper.framework; includeInIndex = 0; path = Pods_Parstagram_ParstagramUITests.framework; sourceTree = BUILT_PRODUCTS_DIR; };
/* End PBXFileReference section */

/* Begin PBXFrameworksBuildPhase section */
		E467474725684D4000D87D7B /* Frameworks */ = {
			isa = PBXFrameworksBuildPhase;
			buildActionMask = 2147483647;
			files = (
				2073DD59EFF9EDAFC1D6F1E6 /* Pods_Parstagram.framework in Frameworks */,
			);
			runOnlyForDeploymentPostprocessing = 0;
		};
		E467475D25684D4200D87D7B /* Frameworks */ = {
			isa = PBXFrameworksBuildPhase;
			buildActionMask = 2147483647;
			files = (
				3FB90EDED1FFD8F0E1CBC9D4 /* Pods_ParstagramTests.framework in Frameworks */,
			);
			runOnlyForDeploymentPostprocessing = 0;
		};
		E467476825684D4200D87D7B /* Frameworks */ = {
			isa = PBXFrameworksBuildPhase;
			buildActionMask = 2147483647;
			files = (
				7BEA09F06DABA041BF88BF17 /* Pods_Parstagram_ParstagramUITests.framework in Frameworks */,
			);
			runOnlyForDeploymentPostprocessing = 0;
		};
/* End PBXFrameworksBuildPhase section */

/* Begin PBXGroup section */
		7B701F9B4DEFA2F6644AD6DB /* Frameworks */ = {
			isa = PBXGroup;
			children = (
				55CCA3F8E121CAF6A260BC71 /* Pods_Parstagram.framework */,
				FC5393D803E551FACA64F7F1 /* Pods_Parstagram_ParstagramUITests.framework */,
				A3DB9DF32760582FEA7138C0 /* Pods_ParstagramTests.framework */,
			);
			name = Frameworks;
			sourceTree = "<group>";
		};
		E467474125684D4000D87D7B = {
			isa = PBXGroup;
			children = (
				E467474C25684D4000D87D7B /* Parstagram */,
				E467476325684D4200D87D7B /* ParstagramTests */,
				E467476E25684D4200D87D7B /* ParstagramUITests */,
				E467474B25684D4000D87D7B /* Products */,
				EFB096BCC41479E8DBB02621 /* Pods */,
				7B701F9B4DEFA2F6644AD6DB /* Frameworks */,
			);
			sourceTree = "<group>";
		};
		E467474B25684D4000D87D7B /* Products */ = {
			isa = PBXGroup;
			children = (
				E467474A25684D4000D87D7B /* Parstagram.app */,
				E467476025684D4200D87D7B /* ParstagramTests.xctest */,
				E467476B25684D4200D87D7B /* ParstagramUITests.xctest */,
			);
			name = Products;
			sourceTree = "<group>";
		};
		E467474C25684D4000D87D7B /* Parstagram */ = {
			isa = PBXGroup;
			children = (
				E467474D25684D4000D87D7B /* AppDelegate.swift */,
				E467474F25684D4000D87D7B /* SceneDelegate.swift */,
				E467475325684D4000D87D7B /* Main.storyboard */,
				E467475625684D4200D87D7B /* Assets.xcassets */,
				E467475825684D4200D87D7B /* LaunchScreen.storyboard */,
				E467475B25684D4200D87D7B /* Info.plist */,
				E467478325684E8E00D87D7B /* LoginViewController.swift */,
				E467478825684E9F00D87D7B /* FeedViewController.swift */,
				E46747DC2568D1DC00D87D7B /* CameraViewController.swift */,
				E46747F72568EB2C00D87D7B /* PostCell.swift */,
				E4670C4E257A3A3200056B0D /* CommentCell.swift */,
			);
			path = Parstagram;
			sourceTree = "<group>";
		};
		E467476325684D4200D87D7B /* ParstagramTests */ = {
			isa = PBXGroup;
			children = (
				E467476425684D4200D87D7B /* ParstagramTests.swift */,
				E467476625684D4200D87D7B /* Info.plist */,
			);
			path = ParstagramTests;
			sourceTree = "<group>";
		};
		E467476E25684D4200D87D7B /* ParstagramUITests */ = {
			isa = PBXGroup;
			children = (
				E467476F25684D4200D87D7B /* ParstagramUITests.swift */,
				E467477125684D4300D87D7B /* Info.plist */,
			);
			path = ParstagramUITests;
			sourceTree = "<group>";
		};
		EFB096BCC41479E8DBB02621 /* Pods */ = {
			isa = PBXGroup;
			children = (
				82D0AFF1411BC94530231969 /* Pods-Parstagram.debug.xcconfig */,
				95B9AB6C41B648764CFBED8C /* Pods-Parstagram.release.xcconfig */,
				DD055B70A6DA15389119F057 /* Pods-Parstagram-ParstagramUITests.debug.xcconfig */,
				A861428AF0172381E66D6B20 /* Pods-Parstagram-ParstagramUITests.release.xcconfig */,
				2F1B67D38DAF01F545366B5D /* Pods-ParstagramTests.debug.xcconfig */,
				5B3C0BC4DF7EC14796E910DF /* Pods-ParstagramTests.release.xcconfig */,
			);
			path = Pods;
			sourceTree = "<group>";
		};
/* End PBXGroup section */

/* Begin PBXNativeTarget section */
		E467474925684D4000D87D7B /* Parstagram */ = {
			isa = PBXNativeTarget;
			buildConfigurationList = E467477425684D4300D87D7B /* Build configuration list for PBXNativeTarget "Parstagram" */;
			buildPhases = (
				EBB8559B2E20E4CD6CBDBD65 /* [CP] Check Pods Manifest.lock */,
				E467474625684D4000D87D7B /* Sources */,
				E467474725684D4000D87D7B /* Frameworks */,
				E467474825684D4000D87D7B /* Resources */,
				D0DF5D13CF1A8837D940AD36 /* [CP] Embed Pods Frameworks */,
			);
			buildRules = (
			);
			dependencies = (
			);
			name = Parstagram;
			productName = Parstagram;
			productReference = E467474A25684D4000D87D7B /* Parstagram.app */;
			productType = "com.apple.product-type.application";
		};
		E467475F25684D4200D87D7B /* ParstagramTests */ = {
			isa = PBXNativeTarget;
			buildConfigurationList = E467477725684D4300D87D7B /* Build configuration list for PBXNativeTarget "ParstagramTests" */;
			buildPhases = (
				E512C4809769EB22B9A152E5 /* [CP] Check Pods Manifest.lock */,
				E467475C25684D4200D87D7B /* Sources */,
				E467475D25684D4200D87D7B /* Frameworks */,
				E467475E25684D4200D87D7B /* Resources */,
			);
			buildRules = (
			);
			dependencies = (
				E467476225684D4200D87D7B /* PBXTargetDependency */,
			);
			name = ParstagramTests;
			productName = ParstagramTests;
			productReference = E467476025684D4200D87D7B /* ParstagramTests.xctest */;
			productType = "com.apple.product-type.bundle.unit-test";
		};
		E467476A25684D4200D87D7B /* ParstagramUITests */ = {
			isa = PBXNativeTarget;
			buildConfigurationList = E467477A25684D4300D87D7B /* Build configuration list for PBXNativeTarget "ParstagramUITests" */;
			buildPhases = (
				F6940AF6148D901D62D380AF /* [CP] Check Pods Manifest.lock */,
				E467476725684D4200D87D7B /* Sources */,
				E467476825684D4200D87D7B /* Frameworks */,
				E467476925684D4200D87D7B /* Resources */,
				DAC17B6216E7661A55D53668 /* [CP] Embed Pods Frameworks */,
			);
			buildRules = (
			);
			dependencies = (
				E467476D25684D4200D87D7B /* PBXTargetDependency */,
			);
			name = ParstagramUITests;
			productName = ParstagramUITests;
			productReference = E467476B25684D4200D87D7B /* ParstagramUITests.xctest */;
			productType = "com.apple.product-type.bundle.ui-testing";
		};
/* End PBXNativeTarget section */

/* Begin PBXProject section */
		E467474225684D4000D87D7B /* Project object */ = {
			isa = PBXProject;
			attributes = {
				LastSwiftUpdateCheck = 1220;
				LastUpgradeCheck = 1220;
				TargetAttributes = {
					E467474925684D4000D87D7B = {
						CreatedOnToolsVersion = 12.2;
					};
					E467475F25684D4200D87D7B = {
						CreatedOnToolsVersion = 12.2;
						TestTargetID = E467474925684D4000D87D7B;
					};
					E467476A25684D4200D87D7B = {
						CreatedOnToolsVersion = 12.2;
						TestTargetID = E467474925684D4000D87D7B;
					};
				};
			};
			buildConfigurationList = E467474525684D4000D87D7B /* Build configuration list for PBXProject "Parstagram" */;
			compatibilityVersion = "Xcode 9.3";
			developmentRegion = en;
			hasScannedForEncodings = 0;
			knownRegions = (
				en,
				Base,
			);
			mainGroup = E467474125684D4000D87D7B;
			productRefGroup = E467474B25684D4000D87D7B /* Products */;
			projectDirPath = "";
			projectRoot = "";
			targets = (
				E467474925684D4000D87D7B /* Parstagram */,
				E467475F25684D4200D87D7B /* ParstagramTests */,
				E467476A25684D4200D87D7B /* ParstagramUITests */,
			);
		};
/* End PBXProject section */

/* Begin PBXResourcesBuildPhase section */
		E467474825684D4000D87D7B /* Resources */ = {
			isa = PBXResourcesBuildPhase;
			buildActionMask = 2147483647;
			files = (
				E467475A25684D4200D87D7B /* LaunchScreen.storyboard in Resources */,
				E467475725684D4200D87D7B /* Assets.xcassets in Resources */,
				E467475525684D4000D87D7B /* Main.storyboard in Resources */,
			);
			runOnlyForDeploymentPostprocessing = 0;
		};
		E467475E25684D4200D87D7B /* Resources */ = {
			isa = PBXResourcesBuildPhase;
			buildActionMask = 2147483647;
			files = (
			);
			runOnlyForDeploymentPostprocessing = 0;
		};
		E467476925684D4200D87D7B /* Resources */ = {
			isa = PBXResourcesBuildPhase;
			buildActionMask = 2147483647;
			files = (
			);
			runOnlyForDeploymentPostprocessing = 0;
		};
/* End PBXResourcesBuildPhase section */

/* Begin PBXShellScriptBuildPhase section */
		D0DF5D13CF1A8837D940AD36 /* [CP] Embed Pods Frameworks */ = {
			isa = PBXShellScriptBuildPhase;
			buildActionMask = 2147483647;
			files = (
			);
			inputFileListPaths = (
				"${PODS_ROOT}/Target Support Files/Pods-Parstagram/Pods-Parstagram-frameworks-${CONFIGURATION}-input-files.xcfilelist",
			);
			name = "[CP] Embed Pods Frameworks";
			outputFileListPaths = (
				"${PODS_ROOT}/Target Support Files/Pods-Parstagram/Pods-Parstagram-frameworks-${CONFIGURATION}-output-files.xcfilelist",
			);
			runOnlyForDeploymentPostprocessing = 0;
			shellPath = /bin/sh;
			shellScript = "\"${PODS_ROOT}/Target Support Files/Pods-Parstagram/Pods-Parstagram-frameworks.sh\"\n";
			showEnvVarsInLog = 0;
		};
		DAC17B6216E7661A55D53668 /* [CP] Embed Pods Frameworks */ = {
			isa = PBXShellScriptBuildPhase;
			buildActionMask = 2147483647;
			files = (
			);
			inputFileListPaths = (
				"${PODS_ROOT}/Target Support Files/Pods-Parstagram-ParstagramUITests/Pods-Parstagram-ParstagramUITests-frameworks-${CONFIGURATION}-input-files.xcfilelist",
			);
			name = "[CP] Embed Pods Frameworks";
			outputFileListPaths = (
				"${PODS_ROOT}/Target Support Files/Pods-Parstagram-ParstagramUITests/Pods-Parstagram-ParstagramUITests-frameworks-${CONFIGURATION}-output-files.xcfilelist",
			);
			runOnlyForDeploymentPostprocessing = 0;
			shellPath = /bin/sh;
			shellScript = "\"${PODS_ROOT}/Target Support Files/Pods-Parstagram-ParstagramUITests/Pods-Parstagram-ParstagramUITests-frameworks.sh\"\n";
			showEnvVarsInLog = 0;
		};
		E512C4809769EB22B9A152E5 /* [CP] Check Pods Manifest.lock */ = {
			isa = PBXShellScriptBuildPhase;
			buildActionMask = 2147483647;
			files = (
			);
			inputFileListPaths = (
			);
			inputPaths = (
				"${PODS_PODFILE_DIR_PATH}/Podfile.lock",
				"${PODS_ROOT}/Manifest.lock",
			);
			name = "[CP] Check Pods Manifest.lock";
			outputFileListPaths = (
			);
			outputPaths = (
				"$(DERIVED_FILE_DIR)/Pods-ParstagramTests-checkManifestLockResult.txt",
			);
			runOnlyForDeploymentPostprocessing = 0;
			shellPath = /bin/sh;
			shellScript = "diff \"${PODS_PODFILE_DIR_PATH}/Podfile.lock\" \"${PODS_ROOT}/Manifest.lock\" > /dev/null\nif [ $? != 0 ] ; then\n    # print error to STDERR\n    echo \"error: The sandbox is not in sync with the Podfile.lock. Run 'pod install' or update your CocoaPods installation.\" >&2\n    exit 1\nfi\n# This output is used by Xcode 'outputs' to avoid re-running this script phase.\necho \"SUCCESS\" > \"${SCRIPT_OUTPUT_FILE_0}\"\n";
			showEnvVarsInLog = 0;
		};
		EBB8559B2E20E4CD6CBDBD65 /* [CP] Check Pods Manifest.lock */ = {
			isa = PBXShellScriptBuildPhase;
			buildActionMask = 2147483647;
			files = (
			);
			inputFileListPaths = (
			);
			inputPaths = (
				"${PODS_PODFILE_DIR_PATH}/Podfile.lock",
				"${PODS_ROOT}/Manifest.lock",
			);
			name = "[CP] Check Pods Manifest.lock";
			outputFileListPaths = (
			);
			outputPaths = (
				"$(DERIVED_FILE_DIR)/Pods-Parstagram-checkManifestLockResult.txt",
			);
			runOnlyForDeploymentPostprocessing = 0;
			shellPath = /bin/sh;
			shellScript = "diff \"${PODS_PODFILE_DIR_PATH}/Podfile.lock\" \"${PODS_ROOT}/Manifest.lock\" > /dev/null\nif [ $? != 0 ] ; then\n    # print error to STDERR\n    echo \"error: The sandbox is not in sync with the Podfile.lock. Run 'pod install' or update your CocoaPods installation.\" >&2\n    exit 1\nfi\n# This output is used by Xcode 'outputs' to avoid re-running this script phase.\necho \"SUCCESS\" > \"${SCRIPT_OUTPUT_FILE_0}\"\n";
			showEnvVarsInLog = 0;
		};
		F6940AF6148D901D62D380AF /* [CP] Check Pods Manifest.lock */ = {
			isa = PBXShellScriptBuildPhase;
			buildActionMask = 2147483647;
			files = (
			);
			inputFileListPaths = (
			);
			inputPaths = (
				"${PODS_PODFILE_DIR_PATH}/Podfile.lock",
				"${PODS_ROOT}/Manifest.lock",
			);
			name = "[CP] Check Pods Manifest.lock";
			outputFileListPaths = (
			);
			outputPaths = (
				"$(DERIVED_FILE_DIR)/Pods-Parstagram-ParstagramUITests-checkManifestLockResult.txt",
			);
			runOnlyForDeploymentPostprocessing = 0;
			shellPath = /bin/sh;
			shellScript = "diff \"${PODS_PODFILE_DIR_PATH}/Podfile.lock\" \"${PODS_ROOT}/Manifest.lock\" > /dev/null\nif [ $? != 0 ] ; then\n    # print error to STDERR\n    echo \"error: The sandbox is not in sync with the Podfile.lock. Run 'pod install' or update your CocoaPods installation.\" >&2\n    exit 1\nfi\n# This output is used by Xcode 'outputs' to avoid re-running this script phase.\necho \"SUCCESS\" > \"${SCRIPT_OUTPUT_FILE_0}\"\n";
			showEnvVarsInLog = 0;
		};
/* End PBXShellScriptBuildPhase section */

/* Begin PBXSourcesBuildPhase section */
		E467474625684D4000D87D7B /* Sources */ = {
			isa = PBXSourcesBuildPhase;
			buildActionMask = 2147483647;
			files = (
				E467478425684E8E00D87D7B /* LoginViewController.swift in Sources */,
				E46747DD2568D1DC00D87D7B /* CameraViewController.swift in Sources */,
				E467474E25684D4000D87D7B /* AppDelegate.swift in Sources */,
				E467478925684E9F00D87D7B /* FeedViewController.swift in Sources */,
				E467475025684D4000D87D7B /* SceneDelegate.swift in Sources */,
				E46747F82568EB2C00D87D7B /* PostCell.swift in Sources */,
				E4670C4F257A3A3200056B0D /* CommentCell.swift in Sources */,
			);
			runOnlyForDeploymentPostprocessing = 0;
		};
		E467475C25684D4200D87D7B /* Sources */ = {
			isa = PBXSourcesBuildPhase;
			buildActionMask = 2147483647;
			files = (
				E467476525684D4200D87D7B /* ParstagramTests.swift in Sources */,
			);
			runOnlyForDeploymentPostprocessing = 0;
		};
		E467476725684D4200D87D7B /* Sources */ = {
			isa = PBXSourcesBuildPhase;
			buildActionMask = 2147483647;
			files = (
				E467477025684D4200D87D7B /* ParstagramUITests.swift in Sources */,
			);
			runOnlyForDeploymentPostprocessing = 0;
		};
/* End PBXSourcesBuildPhase section */

/* Begin PBXTargetDependency section */
		E467476225684D4200D87D7B /* PBXTargetDependency */ = {
			isa = PBXTargetDependency;
			target = E467474925684D4000D87D7B /* Parstagram */;
			targetProxy = E467476125684D4200D87D7B /* PBXContainerItemProxy */;
		};
		E467476D25684D4200D87D7B /* PBXTargetDependency */ = {
			isa = PBXTargetDependency;
			target = E467474925684D4000D87D7B /* Parstagram */;
			targetProxy = E467476C25684D4200D87D7B /* PBXContainerItemProxy */;
		};
/* End PBXTargetDependency section */

/* Begin PBXVariantGroup section */
		E467475325684D4000D87D7B /* Main.storyboard */ = {
			isa = PBXVariantGroup;
			children = (
				E467475425684D4000D87D7B /* Base */,
			);
			name = Main.storyboard;
			sourceTree = "<group>";
		};
		E467475825684D4200D87D7B /* LaunchScreen.storyboard */ = {
			isa = PBXVariantGroup;
			children = (
				E467475925684D4200D87D7B /* Base */,
			);
			name = LaunchScreen.storyboard;
			sourceTree = "<group>";
		};
/* End PBXVariantGroup section */

/* Begin XCBuildConfiguration section */
		E467477225684D4300D87D7B /* Debug */ = {
			isa = XCBuildConfiguration;
			buildSettings = {
				ALWAYS_SEARCH_USER_PATHS = NO;
				CLANG_ANALYZER_NONNULL = YES;
				CLANG_ANALYZER_NUMBER_OBJECT_CONVERSION = YES_AGGRESSIVE;
				CLANG_CXX_LANGUAGE_STANDARD = "gnu++14";
				CLANG_CXX_LIBRARY = "libc++";
				CLANG_ENABLE_MODULES = YES;
				CLANG_ENABLE_OBJC_ARC = YES;
				CLANG_ENABLE_OBJC_WEAK = YES;
				CLANG_WARN_BLOCK_CAPTURE_AUTORELEASING = YES;
				CLANG_WARN_BOOL_CONVERSION = YES;
				CLANG_WARN_COMMA = YES;
				CLANG_WARN_CONSTANT_CONVERSION = YES;
				CLANG_WARN_DEPRECATED_OBJC_IMPLEMENTATIONS = YES;
				CLANG_WARN_DIRECT_OBJC_ISA_USAGE = YES_ERROR;
				CLANG_WARN_DOCUMENTATION_COMMENTS = YES;
				CLANG_WARN_EMPTY_BODY = YES;
				CLANG_WARN_ENUM_CONVERSION = YES;
				CLANG_WARN_INFINITE_RECURSION = YES;
				CLANG_WARN_INT_CONVERSION = YES;
				CLANG_WARN_NON_LITERAL_NULL_CONVERSION = YES;
				CLANG_WARN_OBJC_IMPLICIT_RETAIN_SELF = YES;
				CLANG_WARN_OBJC_LITERAL_CONVERSION = YES;
				CLANG_WARN_OBJC_ROOT_CLASS = YES_ERROR;
				CLANG_WARN_QUOTED_INCLUDE_IN_FRAMEWORK_HEADER = YES;
				CLANG_WARN_RANGE_LOOP_ANALYSIS = YES;
				CLANG_WARN_STRICT_PROTOTYPES = YES;
				CLANG_WARN_SUSPICIOUS_MOVE = YES;
				CLANG_WARN_UNGUARDED_AVAILABILITY = YES_AGGRESSIVE;
				CLANG_WARN_UNREACHABLE_CODE = YES;
				CLANG_WARN__DUPLICATE_METHOD_MATCH = YES;
				COPY_PHASE_STRIP = NO;
				DEBUG_INFORMATION_FORMAT = dwarf;
				ENABLE_STRICT_OBJC_MSGSEND = YES;
				ENABLE_TESTABILITY = YES;
				GCC_C_LANGUAGE_STANDARD = gnu11;
				GCC_DYNAMIC_NO_PIC = NO;
				GCC_NO_COMMON_BLOCKS = YES;
				GCC_OPTIMIZATION_LEVEL = 0;
				GCC_PREPROCESSOR_DEFINITIONS = (
					"DEBUG=1",
					"$(inherited)",
				);
				GCC_WARN_64_TO_32_BIT_CONVERSION = YES;
				GCC_WARN_ABOUT_RETURN_TYPE = YES_ERROR;
				GCC_WARN_UNDECLARED_SELECTOR = YES;
				GCC_WARN_UNINITIALIZED_AUTOS = YES_AGGRESSIVE;
				GCC_WARN_UNUSED_FUNCTION = YES;
				GCC_WARN_UNUSED_VARIABLE = YES;
				IPHONEOS_DEPLOYMENT_TARGET = 14.2;
				MTL_ENABLE_DEBUG_INFO = INCLUDE_SOURCE;
				MTL_FAST_MATH = YES;
				ONLY_ACTIVE_ARCH = YES;
				SDKROOT = iphoneos;
				SWIFT_ACTIVE_COMPILATION_CONDITIONS = DEBUG;
				SWIFT_OPTIMIZATION_LEVEL = "-Onone";
			};
			name = Debug;
		};
		E467477325684D4300D87D7B /* Release */ = {
			isa = XCBuildConfiguration;
			buildSettings = {
				ALWAYS_SEARCH_USER_PATHS = NO;
				CLANG_ANALYZER_NONNULL = YES;
				CLANG_ANALYZER_NUMBER_OBJECT_CONVERSION = YES_AGGRESSIVE;
				CLANG_CXX_LANGUAGE_STANDARD = "gnu++14";
				CLANG_CXX_LIBRARY = "libc++";
				CLANG_ENABLE_MODULES = YES;
				CLANG_ENABLE_OBJC_ARC = YES;
				CLANG_ENABLE_OBJC_WEAK = YES;
				CLANG_WARN_BLOCK_CAPTURE_AUTORELEASING = YES;
				CLANG_WARN_BOOL_CONVERSION = YES;
				CLANG_WARN_COMMA = YES;
				CLANG_WARN_CONSTANT_CONVERSION = YES;
				CLANG_WARN_DEPRECATED_OBJC_IMPLEMENTATIONS = YES;
				CLANG_WARN_DIRECT_OBJC_ISA_USAGE = YES_ERROR;
				CLANG_WARN_DOCUMENTATION_COMMENTS = YES;
				CLANG_WARN_EMPTY_BODY = YES;
				CLANG_WARN_ENUM_CONVERSION = YES;
				CLANG_WARN_INFINITE_RECURSION = YES;
				CLANG_WARN_INT_CONVERSION = YES;
				CLANG_WARN_NON_LITERAL_NULL_CONVERSION = YES;
				CLANG_WARN_OBJC_IMPLICIT_RETAIN_SELF = YES;
				CLANG_WARN_OBJC_LITERAL_CONVERSION = YES;
				CLANG_WARN_OBJC_ROOT_CLASS = YES_ERROR;
				CLANG_WARN_QUOTED_INCLUDE_IN_FRAMEWORK_HEADER = YES;
				CLANG_WARN_RANGE_LOOP_ANALYSIS = YES;
				CLANG_WARN_STRICT_PROTOTYPES = YES;
				CLANG_WARN_SUSPICIOUS_MOVE = YES;
				CLANG_WARN_UNGUARDED_AVAILABILITY = YES_AGGRESSIVE;
				CLANG_WARN_UNREACHABLE_CODE = YES;
				CLANG_WARN__DUPLICATE_METHOD_MATCH = YES;
				COPY_PHASE_STRIP = NO;
				DEBUG_INFORMATION_FORMAT = "dwarf-with-dsym";
				ENABLE_NS_ASSERTIONS = NO;
				ENABLE_STRICT_OBJC_MSGSEND = YES;
				GCC_C_LANGUAGE_STANDARD = gnu11;
				GCC_NO_COMMON_BLOCKS = YES;
				GCC_WARN_64_TO_32_BIT_CONVERSION = YES;
				GCC_WARN_ABOUT_RETURN_TYPE = YES_ERROR;
				GCC_WARN_UNDECLARED_SELECTOR = YES;
				GCC_WARN_UNINITIALIZED_AUTOS = YES_AGGRESSIVE;
				GCC_WARN_UNUSED_FUNCTION = YES;
				GCC_WARN_UNUSED_VARIABLE = YES;
				IPHONEOS_DEPLOYMENT_TARGET = 14.2;
				MTL_ENABLE_DEBUG_INFO = NO;
				MTL_FAST_MATH = YES;
				SDKROOT = iphoneos;
				SWIFT_COMPILATION_MODE = wholemodule;
				SWIFT_OPTIMIZATION_LEVEL = "-O";
				VALIDATE_PRODUCT = YES;
			};
			name = Release;
		};
		E467477525684D4300D87D7B /* Debug */ = {
			isa = XCBuildConfiguration;
			baseConfigurationReference = 82D0AFF1411BC94530231969 /* Pods-Parstagram.debug.xcconfig */;
			buildSettings = {
				ASSETCATALOG_COMPILER_APPICON_NAME = AppIcon;
				ASSETCATALOG_COMPILER_GLOBAL_ACCENT_COLOR_NAME = AccentColor;
				CODE_SIGN_STYLE = Automatic;
				DEVELOPMENT_TEAM = LQ6HF667LJ;
				INFOPLIST_FILE = Parstagram/Info.plist;
				LD_RUNPATH_SEARCH_PATHS = (
					"$(inherited)",
					"@executable_path/Frameworks",
				);
				PRODUCT_BUNDLE_IDENTIFIER = "lloydlingani-gmail.com.Parstagram";
				PRODUCT_NAME = "$(TARGET_NAME)";
				SWIFT_VERSION = 5.0;
				TARGETED_DEVICE_FAMILY = "1,2";
			};
			name = Debug;
		};
		E467477625684D4300D87D7B /* Release */ = {
			isa = XCBuildConfiguration;
			baseConfigurationReference = 95B9AB6C41B648764CFBED8C /* Pods-Parstagram.release.xcconfig */;
			buildSettings = {
				ASSETCATALOG_COMPILER_APPICON_NAME = AppIcon;
				ASSETCATALOG_COMPILER_GLOBAL_ACCENT_COLOR_NAME = AccentColor;
				CODE_SIGN_STYLE = Automatic;
				DEVELOPMENT_TEAM = LQ6HF667LJ;
				INFOPLIST_FILE = Parstagram/Info.plist;
				LD_RUNPATH_SEARCH_PATHS = (
					"$(inherited)",
					"@executable_path/Frameworks",
				);
				PRODUCT_BUNDLE_IDENTIFIER = "lloydlingani-gmail.com.Parstagram";
				PRODUCT_NAME = "$(TARGET_NAME)";
				SWIFT_VERSION = 5.0;
				TARGETED_DEVICE_FAMILY = "1,2";
			};
			name = Release;
		};
		E467477825684D4300D87D7B /* Debug */ = {
			isa = XCBuildConfiguration;
			baseConfigurationReference = 2F1B67D38DAF01F545366B5D /* Pods-ParstagramTests.debug.xcconfig */;
			buildSettings = {
				ALWAYS_EMBED_SWIFT_STANDARD_LIBRARIES = YES;
				BUNDLE_LOADER = "$(TEST_HOST)";
				CODE_SIGN_STYLE = Automatic;
				DEVELOPMENT_TEAM = LQ6HF667LJ;
				INFOPLIST_FILE = ParstagramTests/Info.plist;
				IPHONEOS_DEPLOYMENT_TARGET = 14.2;
				LD_RUNPATH_SEARCH_PATHS = (
					"$(inherited)",
					"@executable_path/Frameworks",
					"@loader_path/Frameworks",
				);
				PRODUCT_BUNDLE_IDENTIFIER = "lloydlingani-gmail.com.ParstagramTests";
				PRODUCT_NAME = "$(TARGET_NAME)";
				SWIFT_VERSION = 5.0;
				TARGETED_DEVICE_FAMILY = "1,2";
				TEST_HOST = "$(BUILT_PRODUCTS_DIR)/Parstagram.app/Parstagram";
			};
			name = Debug;
		};
		E467477925684D4300D87D7B /* Release */ = {
			isa = XCBuildConfiguration;
			baseConfigurationReference = 5B3C0BC4DF7EC14796E910DF /* Pods-ParstagramTests.release.xcconfig */;
			buildSettings = {
				ALWAYS_EMBED_SWIFT_STANDARD_LIBRARIES = YES;
				BUNDLE_LOADER = "$(TEST_HOST)";
				CODE_SIGN_STYLE = Automatic;
				DEVELOPMENT_TEAM = LQ6HF667LJ;
				INFOPLIST_FILE = ParstagramTests/Info.plist;
				IPHONEOS_DEPLOYMENT_TARGET = 14.2;
				LD_RUNPATH_SEARCH_PATHS = (
					"$(inherited)",
					"@executable_path/Frameworks",
					"@loader_path/Frameworks",
				);
				PRODUCT_BUNDLE_IDENTIFIER = "lloydlingani-gmail.com.ParstagramTests";
				PRODUCT_NAME = "$(TARGET_NAME)";
				SWIFT_VERSION = 5.0;
				TARGETED_DEVICE_FAMILY = "1,2";
				TEST_HOST = "$(BUILT_PRODUCTS_DIR)/Parstagram.app/Parstagram";
			};
			name = Release;
		};
		E467477B25684D4300D87D7B /* Debug */ = {
			isa = XCBuildConfiguration;
			baseConfigurationReference = DD055B70A6DA15389119F057 /* Pods-Parstagram-ParstagramUITests.debug.xcconfig */;
			buildSettings = {
				ALWAYS_EMBED_SWIFT_STANDARD_LIBRARIES = YES;
				CODE_SIGN_STYLE = Automatic;
				DEVELOPMENT_TEAM = LQ6HF667LJ;
				INFOPLIST_FILE = ParstagramUITests/Info.plist;
				LD_RUNPATH_SEARCH_PATHS = (
					"$(inherited)",
					"@executable_path/Frameworks",
					"@loader_path/Frameworks",
				);
				PRODUCT_BUNDLE_IDENTIFIER = "lloydlingani-gmail.com.ParstagramUITests";
				PRODUCT_NAME = "$(TARGET_NAME)";
				SWIFT_VERSION = 5.0;
				TARGETED_DEVICE_FAMILY = "1,2";
				TEST_TARGET_NAME = Parstagram;
			};
			name = Debug;
		};
		E467477C25684D4300D87D7B /* Release */ = {
			isa = XCBuildConfiguration;
			baseConfigurationReference = A861428AF0172381E66D6B20 /* Pods-Parstagram-ParstagramUITests.release.xcconfig */;
			buildSettings = {
				ALWAYS_EMBED_SWIFT_STANDARD_LIBRARIES = YES;
				CODE_SIGN_STYLE = Automatic;
				DEVELOPMENT_TEAM = LQ6HF667LJ;
				INFOPLIST_FILE = ParstagramUITests/Info.plist;
				LD_RUNPATH_SEARCH_PATHS = (
					"$(inherited)",
					"@executable_path/Frameworks",
					"@loader_path/Frameworks",
				);
				PRODUCT_BUNDLE_IDENTIFIER = "lloydlingani-gmail.com.ParstagramUITests";
				PRODUCT_NAME = "$(TARGET_NAME)";
				SWIFT_VERSION = 5.0;
				TARGETED_DEVICE_FAMILY = "1,2";
				TEST_TARGET_NAME = Parstagram;
			};
			name = Release;
		};
/* End XCBuildConfiguration section */

/* Begin XCConfigurationList section */
		E467474525684D4000D87D7B /* Build configuration list for PBXProject "Parstagram" */ = {
			isa = XCConfigurationList;
			buildConfigurations = (
				E467477225684D4300D87D7B /* Debug */,
				E467477325684D4300D87D7B /* Release */,
			);
			defaultConfigurationIsVisible = 0;
			defaultConfigurationName = Release;
		};
		E467477425684D4300D87D7B /* Build configuration list for PBXNativeTarget "Parstagram" */ = {
			isa = XCConfigurationList;
			buildConfigurations = (
				E467477525684D4300D87D7B /* Debug */,
				E467477625684D4300D87D7B /* Release */,
			);
			defaultConfigurationIsVisible = 0;
			defaultConfigurationName = Release;
		};
		E467477725684D4300D87D7B /* Build configuration list for PBXNativeTarget "ParstagramTests" */ = {
			isa = XCConfigurationList;
			buildConfigurations = (
				E467477825684D4300D87D7B /* Debug */,
				E467477925684D4300D87D7B /* Release */,
			);
			defaultConfigurationIsVisible = 0;
			defaultConfigurationName = Release;
		};
		E467477A25684D4300D87D7B /* Build configuration list for PBXNativeTarget "ParstagramUITests" */ = {
			isa = XCConfigurationList;
			buildConfigurations = (
				E467477B25684D4300D87D7B /* Debug */,
				E467477C25684D4300D87D7B /* Release */,
			);
			defaultConfigurationIsVisible = 0;
			defaultConfigurationName = Release;
		};
/* End XCConfigurationList section */
	};
	rootObject = E467474225684D4000D87D7B /* Project object */;
}
